// !$*UTF8*$!
{
	archiveVersion = 1;
	classes = {
	};
	objectVersion = 46;
	objects = {

/* Begin PBXBuildFile section */
		BB487DD51E1D15570093212E /* ReflectTests.swift in Sources */ = {isa = PBXBuildFile; fileRef = BB487DD41E1D15570093212E /* ReflectTests.swift */; };
		BBDCD8AA1E31F664009C1C64 /* ExtensionTest.swift in Sources */ = {isa = PBXBuildFile; fileRef = BBDCD8A91E31F663009C1C64 /* ExtensionTest.swift */; };
		BBDCD8B31E330BBE009C1C64 /* Command.swift in Sources */ = {isa = PBXBuildFile; fileRef = BBDCD8AE1E330BBE009C1C64 /* Command.swift */; };
		BBDCD8B41E330BBE009C1C64 /* ObjectConvertor.swift in Sources */ = {isa = PBXBuildFile; fileRef = BBDCD8AF1E330BBE009C1C64 /* ObjectConvertor.swift */; };
		BBDCD8B51E330BBE009C1C64 /* ReflectExport.swift in Sources */ = {isa = PBXBuildFile; fileRef = BBDCD8B01E330BBE009C1C64 /* ReflectExport.swift */; };
		BBDCD8B61E330BBE009C1C64 /* ReflectJavascriptBridge.swift in Sources */ = {isa = PBXBuildFile; fileRef = BBDCD8B11E330BBE009C1C64 /* ReflectJavascriptBridge.swift */; };
		BBDCD8B71E330BBE009C1C64 /* String+extension.swift in Sources */ = {isa = PBXBuildFile; fileRef = BBDCD8B21E330BBE009C1C64 /* String+extension.swift */; };
		BBDCD8C41E330C12009C1C64 /* AppDelegate.swift in Sources */ = {isa = PBXBuildFile; fileRef = BBDCD8B91E330C12009C1C64 /* AppDelegate.swift */; };
		BBDCD8C51E330C12009C1C64 /* Assets.xcassets in Resources */ = {isa = PBXBuildFile; fileRef = BBDCD8BA1E330C12009C1C64 /* Assets.xcassets */; };
		BBDCD8C61E330C12009C1C64 /* LaunchScreen.storyboard in Resources */ = {isa = PBXBuildFile; fileRef = BBDCD8BB1E330C12009C1C64 /* LaunchScreen.storyboard */; };
		BBDCD8C71E330C12009C1C64 /* Main.storyboard in Resources */ = {isa = PBXBuildFile; fileRef = BBDCD8BD1E330C12009C1C64 /* Main.storyboard */; };
		BBDCD8C81E330C12009C1C64 /* Info.plist in Resources */ = {isa = PBXBuildFile; fileRef = BBDCD8BF1E330C12009C1C64 /* Info.plist */; };
		BBDCD8C91E330C12009C1C64 /* OCClass.m in Sources */ = {isa = PBXBuildFile; fileRef = BBDCD8C11E330C12009C1C64 /* OCClass.m */; };
		BBDCD8CA1E330C12009C1C64 /* ViewController.swift in Sources */ = {isa = PBXBuildFile; fileRef = BBDCD8C31E330C12009C1C64 /* ViewController.swift */; };
/* End PBXBuildFile section */

/* Begin PBXContainerItemProxy section */
		BB487DD11E1D15570093212E /* PBXContainerItemProxy */ = {
			isa = PBXContainerItemProxy;
			containerPortal = BB487DB41E1D15570093212E /* Project object */;
			proxyType = 1;
			remoteGlobalIDString = BB487DBB1E1D15570093212E;
			remoteInfo = Reflect;
		};
/* End PBXContainerItemProxy section */

/* Begin PBXFileReference section */
		BB487DBC1E1D15570093212E /* ReflectJavascriptBridge.app */ = {isa = PBXFileReference; explicitFileType = wrapper.application; includeInIndex = 0; path = ReflectJavascriptBridge.app; sourceTree = BUILT_PRODUCTS_DIR; };
		BB487DD01E1D15570093212E /* ReflectJavascriptBridgeTests.xctest */ = {isa = PBXFileReference; explicitFileType = wrapper.cfbundle; includeInIndex = 0; path = ReflectJavascriptBridgeTests.xctest; sourceTree = BUILT_PRODUCTS_DIR; };
		BB487DD41E1D15570093212E /* ReflectTests.swift */ = {isa = PBXFileReference; lastKnownFileType = sourcecode.swift; path = ReflectTests.swift; sourceTree = "<group>"; };
		BB487DD61E1D15570093212E /* Info.plist */ = {isa = PBXFileReference; lastKnownFileType = text.plist.xml; path = Info.plist; sourceTree = "<group>"; };
		BBDCD8A91E31F663009C1C64 /* ExtensionTest.swift */ = {isa = PBXFileReference; fileEncoding = 4; lastKnownFileType = sourcecode.swift; path = ExtensionTest.swift; sourceTree = "<group>"; };
		BBDCD8AE1E330BBE009C1C64 /* Command.swift */ = {isa = PBXFileReference; fileEncoding = 4; lastKnownFileType = sourcecode.swift; path = Command.swift; sourceTree = "<group>"; };
		BBDCD8AF1E330BBE009C1C64 /* ObjectConvertor.swift */ = {isa = PBXFileReference; fileEncoding = 4; lastKnownFileType = sourcecode.swift; path = ObjectConvertor.swift; sourceTree = "<group>"; };
		BBDCD8B01E330BBE009C1C64 /* ReflectExport.swift */ = {isa = PBXFileReference; fileEncoding = 4; lastKnownFileType = sourcecode.swift; path = ReflectExport.swift; sourceTree = "<group>"; };
		BBDCD8B11E330BBE009C1C64 /* ReflectJavascriptBridge.swift */ = {isa = PBXFileReference; fileEncoding = 4; lastKnownFileType = sourcecode.swift; path = ReflectJavascriptBridge.swift; sourceTree = "<group>"; };
		BBDCD8B21E330BBE009C1C64 /* String+extension.swift */ = {isa = PBXFileReference; fileEncoding = 4; lastKnownFileType = sourcecode.swift; path = "String+extension.swift"; sourceTree = "<group>"; };
		BBDCD8B91E330C12009C1C64 /* AppDelegate.swift */ = {isa = PBXFileReference; fileEncoding = 4; lastKnownFileType = sourcecode.swift; path = AppDelegate.swift; sourceTree = "<group>"; };
		BBDCD8BA1E330C12009C1C64 /* Assets.xcassets */ = {isa = PBXFileReference; lastKnownFileType = folder.assetcatalog; path = Assets.xcassets; sourceTree = "<group>"; };
		BBDCD8BC1E330C12009C1C64 /* Base */ = {isa = PBXFileReference; lastKnownFileType = file.storyboard; name = Base; path = Base.lproj/LaunchScreen.storyboard; sourceTree = "<group>"; };
		BBDCD8BE1E330C12009C1C64 /* Base */ = {isa = PBXFileReference; lastKnownFileType = file.storyboard; name = Base; path = Base.lproj/Main.storyboard; sourceTree = "<group>"; };
		BBDCD8BF1E330C12009C1C64 /* Info.plist */ = {isa = PBXFileReference; fileEncoding = 4; lastKnownFileType = text.plist.xml; path = Info.plist; sourceTree = "<group>"; };
		BBDCD8C01E330C12009C1C64 /* OCClass.h */ = {isa = PBXFileReference; fileEncoding = 4; lastKnownFileType = sourcecode.c.h; path = OCClass.h; sourceTree = "<group>"; };
		BBDCD8C11E330C12009C1C64 /* OCClass.m */ = {isa = PBXFileReference; fileEncoding = 4; lastKnownFileType = sourcecode.c.objc; path = OCClass.m; sourceTree = "<group>"; };
		BBDCD8C21E330C12009C1C64 /* Reflect-Bridging-Header.h */ = {isa = PBXFileReference; fileEncoding = 4; lastKnownFileType = sourcecode.c.h; path = "Reflect-Bridging-Header.h"; sourceTree = "<group>"; };
		BBDCD8C31E330C12009C1C64 /* ViewController.swift */ = {isa = PBXFileReference; fileEncoding = 4; lastKnownFileType = sourcecode.swift; path = ViewController.swift; sourceTree = "<group>"; };
/* End PBXFileReference section */

/* Begin PBXFrameworksBuildPhase section */
		BB487DB91E1D15570093212E /* Frameworks */ = {
			isa = PBXFrameworksBuildPhase;
			buildActionMask = 2147483647;
			files = (
			);
			runOnlyForDeploymentPostprocessing = 0;
		};
		BB487DCD1E1D15570093212E /* Frameworks */ = {
			isa = PBXFrameworksBuildPhase;
			buildActionMask = 2147483647;
			files = (
			);
			runOnlyForDeploymentPostprocessing = 0;
		};
/* End PBXFrameworksBuildPhase section */

/* Begin PBXGroup section */
		BB487DB31E1D15570093212E = {
			isa = PBXGroup;
			children = (
				BBDCD8AD1E330BBE009C1C64 /* ReflectJavascriptBridge */,
				BBDCD8B81E330C12009C1C64 /* Demo */,
				BB487DD31E1D15570093212E /* ReflectJavascriptBridgeTests */,
				BB487DBD1E1D15570093212E /* Products */,
			);
			sourceTree = "<group>";
		};
		BB487DBD1E1D15570093212E /* Products */ = {
			isa = PBXGroup;
			children = (
				BB487DBC1E1D15570093212E /* ReflectJavascriptBridge.app */,
				BB487DD01E1D15570093212E /* ReflectJavascriptBridgeTests.xctest */,
			);
			name = Products;
			sourceTree = "<group>";
		};
		BB487DD31E1D15570093212E /* ReflectJavascriptBridgeTests */ = {
			isa = PBXGroup;
			children = (
				BB487DD41E1D15570093212E /* ReflectTests.swift */,
				BBDCD8A91E31F663009C1C64 /* ExtensionTest.swift */,
				BB487DD61E1D15570093212E /* Info.plist */,
			);
			name = ReflectJavascriptBridgeTests;
			path = ReflectTests;
			sourceTree = "<group>";
		};
		BBDCD8AD1E330BBE009C1C64 /* ReflectJavascriptBridge */ = {
			isa = PBXGroup;
			children = (
				BBDCD8AE1E330BBE009C1C64 /* Command.swift */,
				BBDCD8AF1E330BBE009C1C64 /* ObjectConvertor.swift */,
				BBDCD8B01E330BBE009C1C64 /* ReflectExport.swift */,
				BBDCD8B11E330BBE009C1C64 /* ReflectJavascriptBridge.swift */,
				BBDCD8B21E330BBE009C1C64 /* String+extension.swift */,
			);
			path = ReflectJavascriptBridge;
			sourceTree = "<group>";
		};
		BBDCD8B81E330C12009C1C64 /* Demo */ = {
			isa = PBXGroup;
			children = (
				BBDCD8B91E330C12009C1C64 /* AppDelegate.swift */,
				BBDCD8BA1E330C12009C1C64 /* Assets.xcassets */,
				BBDCD8BB1E330C12009C1C64 /* LaunchScreen.storyboard */,
				BBDCD8BD1E330C12009C1C64 /* Main.storyboard */,
				BBDCD8BF1E330C12009C1C64 /* Info.plist */,
				BBDCD8C01E330C12009C1C64 /* OCClass.h */,
				BBDCD8C11E330C12009C1C64 /* OCClass.m */,
				BBDCD8C21E330C12009C1C64 /* Reflect-Bridging-Header.h */,
				BBDCD8C31E330C12009C1C64 /* ViewController.swift */,
			);
			path = Demo;
			sourceTree = "<group>";
		};
/* End PBXGroup section */

/* Begin PBXNativeTarget section */
		BB487DBB1E1D15570093212E /* ReflectJavascriptBridge */ = {
			isa = PBXNativeTarget;
			buildConfigurationList = BB487DD91E1D15570093212E /* Build configuration list for PBXNativeTarget "ReflectJavascriptBridge" */;
			buildPhases = (
				BB487DB81E1D15570093212E /* Sources */,
				BB487DB91E1D15570093212E /* Frameworks */,
				BB487DBA1E1D15570093212E /* Resources */,
				BB487DE81E1D47480093212E /* ShellScript */,
			);
			buildRules = (
			);
			dependencies = (
			);
			name = ReflectJavascriptBridge;
			productName = Reflect;
			productReference = BB487DBC1E1D15570093212E /* ReflectJavascriptBridge.app */;
			productType = "com.apple.product-type.application";
		};
		BB487DCF1E1D15570093212E /* ReflectJavascriptBridgeTests */ = {
			isa = PBXNativeTarget;
			buildConfigurationList = BB487DDC1E1D15570093212E /* Build configuration list for PBXNativeTarget "ReflectJavascriptBridgeTests" */;
			buildPhases = (
				BB487DCC1E1D15570093212E /* Sources */,
				BB487DCD1E1D15570093212E /* Frameworks */,
				BB487DCE1E1D15570093212E /* Resources */,
			);
			buildRules = (
			);
			dependencies = (
				BB487DD21E1D15570093212E /* PBXTargetDependency */,
			);
			name = ReflectJavascriptBridgeTests;
			productName = ReflectTests;
			productReference = BB487DD01E1D15570093212E /* ReflectJavascriptBridgeTests.xctest */;
			productType = "com.apple.product-type.bundle.unit-test";
		};
/* End PBXNativeTarget section */

/* Begin PBXProject section */
		BB487DB41E1D15570093212E /* Project object */ = {
			isa = PBXProject;
			attributes = {
				LastSwiftUpdateCheck = 0820;
				LastUpgradeCheck = 0820;
				ORGANIZATIONNAME = LZephyr;
				TargetAttributes = {
					BB487DBB1E1D15570093212E = {
						CreatedOnToolsVersion = 8.2.1;
						DevelopmentTeam = WQJ84ABJFE;
						LastSwiftMigration = 0820;
						ProvisioningStyle = Automatic;
					};
					BB487DCF1E1D15570093212E = {
						CreatedOnToolsVersion = 8.2.1;
						DevelopmentTeam = WQJ84ABJFE;
						ProvisioningStyle = Automatic;
						TestTargetID = BB487DBB1E1D15570093212E;
					};
				};
			};
			buildConfigurationList = BB487DB71E1D15570093212E /* Build configuration list for PBXProject "ReflectJavascriptBridge" */;
			compatibilityVersion = "Xcode 3.2";
			developmentRegion = English;
			hasScannedForEncodings = 0;
			knownRegions = (
				en,
				Base,
			);
			mainGroup = BB487DB31E1D15570093212E;
			productRefGroup = BB487DBD1E1D15570093212E /* Products */;
			projectDirPath = "";
			projectRoot = "";
			targets = (
				BB487DBB1E1D15570093212E /* ReflectJavascriptBridge */,
				BB487DCF1E1D15570093212E /* ReflectJavascriptBridgeTests */,
			);
		};
/* End PBXProject section */

/* Begin PBXResourcesBuildPhase section */
		BB487DBA1E1D15570093212E /* Resources */ = {
			isa = PBXResourcesBuildPhase;
			buildActionMask = 2147483647;
			files = (
				BBDCD8C81E330C12009C1C64 /* Info.plist in Resources */,
				BBDCD8C71E330C12009C1C64 /* Main.storyboard in Resources */,
				BBDCD8C51E330C12009C1C64 /* Assets.xcassets in Resources */,
				BBDCD8C61E330C12009C1C64 /* LaunchScreen.storyboard in Resources */,
			);
			runOnlyForDeploymentPostprocessing = 0;
		};
		BB487DCE1E1D15570093212E /* Resources */ = {
			isa = PBXResourcesBuildPhase;
			buildActionMask = 2147483647;
			files = (
			);
			runOnlyForDeploymentPostprocessing = 0;
		};
/* End PBXResourcesBuildPhase section */

/* Begin PBXShellScriptBuildPhase section */
		BB487DE81E1D47480093212E /* ShellScript */ = {
			isa = PBXShellScriptBuildPhase;
			buildActionMask = 2147483647;
			files = (
			);
			inputPaths = (
			);
			outputPaths = (
			);
			runOnlyForDeploymentPostprocessing = 0;
			shellPath = /bin/sh;
			shellScript = "TAGS=\"TODO:|FIXME:\"\necho \"searching ${SRCROOT} for ${TAGS}\"\nfind \"${SRCROOT}\" \\( -name \"*.swift\" \\) -print0 | xargs -0 egrep --with-filename --line-number --only-matching \"($TAGS).*\\$\" | perl -p -e \"s/($TAGS)/ warning: \\$1/\"";
		};
/* End PBXShellScriptBuildPhase section */

/* Begin PBXSourcesBuildPhase section */
		BB487DB81E1D15570093212E /* Sources */ = {
			isa = PBXSourcesBuildPhase;
			buildActionMask = 2147483647;
			files = (
				BBDCD8C41E330C12009C1C64 /* AppDelegate.swift in Sources */,
				BBDCD8B71E330BBE009C1C64 /* String+extension.swift in Sources */,
				BBDCD8B41E330BBE009C1C64 /* ObjectConvertor.swift in Sources */,
				BBDCD8C91E330C12009C1C64 /* OCClass.m in Sources */,
				BBDCD8B51E330BBE009C1C64 /* ReflectExport.swift in Sources */,
				BBDCD8B61E330BBE009C1C64 /* ReflectJavascriptBridge.swift in Sources */,
				BBDCD8CA1E330C12009C1C64 /* ViewController.swift in Sources */,
				BBDCD8B31E330BBE009C1C64 /* Command.swift in Sources */,
			);
			runOnlyForDeploymentPostprocessing = 0;
		};
		BB487DCC1E1D15570093212E /* Sources */ = {
			isa = PBXSourcesBuildPhase;
			buildActionMask = 2147483647;
			files = (
				BB487DD51E1D15570093212E /* ReflectTests.swift in Sources */,
				BBDCD8AA1E31F664009C1C64 /* ExtensionTest.swift in Sources */,
			);
			runOnlyForDeploymentPostprocessing = 0;
		};
/* End PBXSourcesBuildPhase section */

/* Begin PBXTargetDependency section */
		BB487DD21E1D15570093212E /* PBXTargetDependency */ = {
			isa = PBXTargetDependency;
			target = BB487DBB1E1D15570093212E /* ReflectJavascriptBridge */;
			targetProxy = BB487DD11E1D15570093212E /* PBXContainerItemProxy */;
		};
/* End PBXTargetDependency section */

/* Begin PBXVariantGroup section */
		BBDCD8BB1E330C12009C1C64 /* LaunchScreen.storyboard */ = {
			isa = PBXVariantGroup;
			children = (
				BBDCD8BC1E330C12009C1C64 /* Base */,
			);
			name = LaunchScreen.storyboard;
			sourceTree = "<group>";
		};
		BBDCD8BD1E330C12009C1C64 /* Main.storyboard */ = {
			isa = PBXVariantGroup;
			children = (
				BBDCD8BE1E330C12009C1C64 /* Base */,
			);
			name = Main.storyboard;
			sourceTree = "<group>";
		};
/* End PBXVariantGroup section */

/* Begin XCBuildConfiguration section */
		BB487DD71E1D15570093212E /* Debug */ = {
			isa = XCBuildConfiguration;
			buildSettings = {
				ALWAYS_SEARCH_USER_PATHS = NO;
				CLANG_ANALYZER_NONNULL = YES;
				CLANG_CXX_LANGUAGE_STANDARD = "gnu++0x";
				CLANG_CXX_LIBRARY = "libc++";
				CLANG_ENABLE_MODULES = YES;
				CLANG_ENABLE_OBJC_ARC = YES;
				CLANG_WARN_BOOL_CONVERSION = YES;
				CLANG_WARN_CONSTANT_CONVERSION = YES;
				CLANG_WARN_DIRECT_OBJC_ISA_USAGE = YES_ERROR;
				CLANG_WARN_DOCUMENTATION_COMMENTS = YES;
				CLANG_WARN_EMPTY_BODY = YES;
				CLANG_WARN_ENUM_CONVERSION = YES;
				CLANG_WARN_INFINITE_RECURSION = YES;
				CLANG_WARN_INT_CONVERSION = YES;
				CLANG_WARN_OBJC_ROOT_CLASS = YES_ERROR;
				CLANG_WARN_SUSPICIOUS_MOVE = YES;
				CLANG_WARN_UNREACHABLE_CODE = YES;
				CLANG_WARN__DUPLICATE_METHOD_MATCH = YES;
				"CODE_SIGN_IDENTITY[sdk=iphoneos*]" = "iPhone Developer";
				COPY_PHASE_STRIP = NO;
				DEBUG_INFORMATION_FORMAT = dwarf;
				ENABLE_STRICT_OBJC_MSGSEND = YES;
				ENABLE_TESTABILITY = YES;
				GCC_C_LANGUAGE_STANDARD = gnu99;
				GCC_DYNAMIC_NO_PIC = NO;
				GCC_NO_COMMON_BLOCKS = YES;
				GCC_OPTIMIZATION_LEVEL = 0;
				GCC_PREPROCESSOR_DEFINITIONS = (
					"DEBUG=1",
					"$(inherited)",
				);
				GCC_WARN_64_TO_32_BIT_CONVERSION = YES;
				GCC_WARN_ABOUT_RETURN_TYPE = YES_ERROR;
				GCC_WARN_UNDECLARED_SELECTOR = YES;
				GCC_WARN_UNINITIALIZED_AUTOS = YES_AGGRESSIVE;
				GCC_WARN_UNUSED_FUNCTION = YES;
				GCC_WARN_UNUSED_VARIABLE = YES;
				IPHONEOS_DEPLOYMENT_TARGET = 10.2;
				MTL_ENABLE_DEBUG_INFO = YES;
				ONLY_ACTIVE_ARCH = YES;
				SDKROOT = iphoneos;
				SWIFT_ACTIVE_COMPILATION_CONDITIONS = DEBUG;
				SWIFT_OPTIMIZATION_LEVEL = "-Onone";
			};
			name = Debug;
		};
		BB487DD81E1D15570093212E /* Release */ = {
			isa = XCBuildConfiguration;
			buildSettings = {
				ALWAYS_SEARCH_USER_PATHS = NO;
				CLANG_ANALYZER_NONNULL = YES;
				CLANG_CXX_LANGUAGE_STANDARD = "gnu++0x";
				CLANG_CXX_LIBRARY = "libc++";
				CLANG_ENABLE_MODULES = YES;
				CLANG_ENABLE_OBJC_ARC = YES;
				CLANG_WARN_BOOL_CONVERSION = YES;
				CLANG_WARN_CONSTANT_CONVERSION = YES;
				CLANG_WARN_DIRECT_OBJC_ISA_USAGE = YES_ERROR;
				CLANG_WARN_DOCUMENTATION_COMMENTS = YES;
				CLANG_WARN_EMPTY_BODY = YES;
				CLANG_WARN_ENUM_CONVERSION = YES;
				CLANG_WARN_INFINITE_RECURSION = YES;
				CLANG_WARN_INT_CONVERSION = YES;
				CLANG_WARN_OBJC_ROOT_CLASS = YES_ERROR;
				CLANG_WARN_SUSPICIOUS_MOVE = YES;
				CLANG_WARN_UNREACHABLE_CODE = YES;
				CLANG_WARN__DUPLICATE_METHOD_MATCH = YES;
				"CODE_SIGN_IDENTITY[sdk=iphoneos*]" = "iPhone Developer";
				COPY_PHASE_STRIP = NO;
				DEBUG_INFORMATION_FORMAT = "dwarf-with-dsym";
				ENABLE_NS_ASSERTIONS = NO;
				ENABLE_STRICT_OBJC_MSGSEND = YES;
				GCC_C_LANGUAGE_STANDARD = gnu99;
				GCC_NO_COMMON_BLOCKS = YES;
				GCC_WARN_64_TO_32_BIT_CONVERSION = YES;
				GCC_WARN_ABOUT_RETURN_TYPE = YES_ERROR;
				GCC_WARN_UNDECLARED_SELECTOR = YES;
				GCC_WARN_UNINITIALIZED_AUTOS = YES_AGGRESSIVE;
				GCC_WARN_UNUSED_FUNCTION = YES;
				GCC_WARN_UNUSED_VARIABLE = YES;
				IPHONEOS_DEPLOYMENT_TARGET = 10.2;
				MTL_ENABLE_DEBUG_INFO = NO;
				SDKROOT = iphoneos;
				SWIFT_OPTIMIZATION_LEVEL = "-Owholemodule";
				VALIDATE_PRODUCT = YES;
			};
			name = Release;
		};
		BB487DDA1E1D15570093212E /* Debug */ = {
			isa = XCBuildConfiguration;
			buildSettings = {
				ASSETCATALOG_COMPILER_APPICON_NAME = AppIcon;
				CLANG_ENABLE_MODULES = YES;
				DEVELOPMENT_TEAM = WQJ84ABJFE;
				INFOPLIST_FILE = "$(SRCROOT)/Demo/Info.plist";
				LD_RUNPATH_SEARCH_PATHS = "$(inherited) @executable_path/Frameworks";
				PRODUCT_BUNDLE_IDENTIFIER = LZephyr.Reflect;
				PRODUCT_NAME = "$(TARGET_NAME)";
				SWIFT_OBJC_BRIDGING_HEADER = "Demo/Reflect-Bridging-Header.h";
				SWIFT_OPTIMIZATION_LEVEL = "-Onone";
				SWIFT_VERSION = 3.0;
			};
			name = Debug;
		};
		BB487DDB1E1D15570093212E /* Release */ = {
			isa = XCBuildConfiguration;
			buildSettings = {
				ASSETCATALOG_COMPILER_APPICON_NAME = AppIcon;
				CLANG_ENABLE_MODULES = YES;
				DEVELOPMENT_TEAM = WQJ84ABJFE;
				INFOPLIST_FILE = "$(SRCROOT)/Demo/Info.plist";
				LD_RUNPATH_SEARCH_PATHS = "$(inherited) @executable_path/Frameworks";
				PRODUCT_BUNDLE_IDENTIFIER = LZephyr.Reflect;
				PRODUCT_NAME = "$(TARGET_NAME)";
				SWIFT_OBJC_BRIDGING_HEADER = "Demo/Reflect-Bridging-Header.h";
				SWIFT_VERSION = 3.0;
			};
			name = Release;
		};
		BB487DDD1E1D15570093212E /* Debug */ = {
			isa = XCBuildConfiguration;
			buildSettings = {
				ALWAYS_EMBED_SWIFT_STANDARD_LIBRARIES = YES;
				BUNDLE_LOADER = "$(TEST_HOST)";
				DEVELOPMENT_TEAM = WQJ84ABJFE;
				INFOPLIST_FILE = ReflectTests/Info.plist;
				LD_RUNPATH_SEARCH_PATHS = "$(inherited) @executable_path/Frameworks @loader_path/Frameworks";
				PRODUCT_BUNDLE_IDENTIFIER = LZephyr.ReflectTests;
				PRODUCT_NAME = "$(TARGET_NAME)";
				SWIFT_VERSION = 3.0;
				TEST_HOST = "$(BUILT_PRODUCTS_DIR)/ReflectJavascriptBridge.app/ReflectJavascriptBridge";
			};
			name = Debug;
		};
		BB487DDE1E1D15570093212E /* Release */ = {
			isa = XCBuildConfiguration;
			buildSettings = {
				ALWAYS_EMBED_SWIFT_STANDARD_LIBRARIES = YES;
				BUNDLE_LOADER = "$(TEST_HOST)";
				DEVELOPMENT_TEAM = WQJ84ABJFE;
				INFOPLIST_FILE = ReflectTests/Info.plist;
				LD_RUNPATH_SEARCH_PATHS = "$(inherited) @executable_path/Frameworks @loader_path/Frameworks";
				PRODUCT_BUNDLE_IDENTIFIER = LZephyr.ReflectTests;
				PRODUCT_NAME = "$(TARGET_NAME)";
				SWIFT_VERSION = 3.0;
				TEST_HOST = "$(BUILT_PRODUCTS_DIR)/ReflectJavascriptBridge.app/ReflectJavascriptBridge";
			};
			name = Release;
		};
/* End XCBuildConfiguration section */

/* Begin XCConfigurationList section */
		BB487DB71E1D15570093212E /* Build configuration list for PBXProject "ReflectJavascriptBridge" */ = {
			isa = XCConfigurationList;
			buildConfigurations = (
				BB487DD71E1D15570093212E /* Debug */,
				BB487DD81E1D15570093212E /* Release */,
			);
			defaultConfigurationIsVisible = 0;
			defaultConfigurationName = Release;
		};
		BB487DD91E1D15570093212E /* Build configuration list for PBXNativeTarget "ReflectJavascriptBridge" */ = {
			isa = XCConfigurationList;
			buildConfigurations = (
				BB487DDA1E1D15570093212E /* Debug */,
				BB487DDB1E1D15570093212E /* Release */,
			);
			defaultConfigurationIsVisible = 0;
			defaultConfigurationName = Release;
		};
		BB487DDC1E1D15570093212E /* Build configuration list for PBXNativeTarget "ReflectJavascriptBridgeTests" */ = {
			isa = XCConfigurationList;
			buildConfigurations = (
				BB487DDD1E1D15570093212E /* Debug */,
				BB487DDE1E1D15570093212E /* Release */,
			);
			defaultConfigurationIsVisible = 0;
			defaultConfigurationName = Release;
		};
/* End XCConfigurationList section */
	};
	rootObject = BB487DB41E1D15570093212E /* Project object */;
}
