// !$*UTF8*$!
{
	archiveVersion = 1;
	classes = {
	};
	objectVersion = 46;
	objects = {

/* Begin PBXBuildFile section */
		BBDB2F001E44BB17000515BD /* RJBWKWebViewBridge.m in Sources */ = {isa = PBXBuildFile; fileRef = BBDB2EFF1E44BB17000515BD /* RJBWKWebViewBridge.m */; };
		BBDB2F031E44BB2E000515BD /* RJBUIWebViewBridge.m in Sources */ = {isa = PBXBuildFile; fileRef = BBDB2F021E44BB2E000515BD /* RJBUIWebViewBridge.m */; };
		BBDCD8F21E346BFA009C1C64 /* ReflectJavascriptBridgeTests.m in Sources */ = {isa = PBXBuildFile; fileRef = BBDCD8F11E346BFA009C1C64 /* ReflectJavascriptBridgeTests.m */; };
		BBDCD9091E346C21009C1C64 /* AppDelegate.m in Sources */ = {isa = PBXBuildFile; fileRef = BBDCD8FF1E346C21009C1C64 /* AppDelegate.m */; };
		BBDCD90A1E346C21009C1C64 /* Assets.xcassets in Resources */ = {isa = PBXBuildFile; fileRef = BBDCD9001E346C21009C1C64 /* Assets.xcassets */; };
		BBDCD90B1E346C21009C1C64 /* LaunchScreen.storyboard in Resources */ = {isa = PBXBuildFile; fileRef = BBDCD9011E346C21009C1C64 /* LaunchScreen.storyboard */; };
		BBDCD90C1E346C21009C1C64 /* Main.storyboard in Resources */ = {isa = PBXBuildFile; fileRef = BBDCD9031E346C21009C1C64 /* Main.storyboard */; };
		BBDCD90E1E346C21009C1C64 /* main.m in Sources */ = {isa = PBXBuildFile; fileRef = BBDCD9061E346C21009C1C64 /* main.m */; };
		BBDCD90F1E346C21009C1C64 /* ViewController.m in Sources */ = {isa = PBXBuildFile; fileRef = BBDCD9081E346C21009C1C64 /* ViewController.m */; };
		BBDCD9121E346C30009C1C64 /* ReflectJavascriptBridge.m in Sources */ = {isa = PBXBuildFile; fileRef = BBDCD9111E346C30009C1C64 /* ReflectJavascriptBridge.m */; };
		BBDCD9161E346CC8009C1C64 /* RJBCommand.m in Sources */ = {isa = PBXBuildFile; fileRef = BBDCD9151E346CC8009C1C64 /* RJBCommand.m */; };
		BBDCD9191E346CD9009C1C64 /* RJBObjectConvertor.m in Sources */ = {isa = PBXBuildFile; fileRef = BBDCD9181E346CD9009C1C64 /* RJBObjectConvertor.m */; };
		BBDCD9211E34EFC8009C1C64 /* BridgeClass.m in Sources */ = {isa = PBXBuildFile; fileRef = BBDCD9201E34EFC8009C1C64 /* BridgeClass.m */; };
		BBDCD9231E34F56D009C1C64 /* RJBCommandTest.m in Sources */ = {isa = PBXBuildFile; fileRef = BBDCD9221E34F56D009C1C64 /* RJBCommandTest.m */; };
		BBDCD9271E35F15C009C1C64 /* RJBCommons.m in Sources */ = {isa = PBXBuildFile; fileRef = BBDCD9261E35F15C009C1C64 /* RJBCommons.m */; };
		BBDCD9331E388039009C1C64 /* SecondViewController.m in Sources */ = {isa = PBXBuildFile; fileRef = BBDCD9311E388039009C1C64 /* SecondViewController.m */; };
		BBDCD9341E388039009C1C64 /* SecondViewController.xib in Resources */ = {isa = PBXBuildFile; fileRef = BBDCD9321E388039009C1C64 /* SecondViewController.xib */; };
		BBDCD93B1E40DFD6009C1C64 /* demo1.html in Resources */ = {isa = PBXBuildFile; fileRef = BBDCD9391E40DFD6009C1C64 /* demo1.html */; };
		BBDCD93C1E40DFD6009C1C64 /* demo2.html in Resources */ = {isa = PBXBuildFile; fileRef = BBDCD93A1E40DFD6009C1C64 /* demo2.html */; };
		BBDCD9401E40DFFB009C1C64 /* ThirdViewController.m in Sources */ = {isa = PBXBuildFile; fileRef = BBDCD93E1E40DFFB009C1C64 /* ThirdViewController.m */; };
		BBDCD9411E40DFFB009C1C64 /* ThirdViewController.xib in Resources */ = {isa = PBXBuildFile; fileRef = BBDCD93F1E40DFFB009C1C64 /* ThirdViewController.xib */; };
/* End PBXBuildFile section */

/* Begin PBXContainerItemProxy section */
		BBDCD8EE1E346BFA009C1C64 /* PBXContainerItemProxy */ = {
			isa = PBXContainerItemProxy;
			containerPortal = BBDCD8CC1E346BFA009C1C64 /* Project object */;
			proxyType = 1;
			remoteGlobalIDString = BBDCD8D31E346BFA009C1C64;
			remoteInfo = ReflectJavascriptBridge;
		};
/* End PBXContainerItemProxy section */

/* Begin PBXFileReference section */
		BBDB2EFE1E44BB17000515BD /* RJBWKWebViewBridge.h */ = {isa = PBXFileReference; fileEncoding = 4; lastKnownFileType = sourcecode.c.h; path = RJBWKWebViewBridge.h; sourceTree = "<group>"; };
		BBDB2EFF1E44BB17000515BD /* RJBWKWebViewBridge.m */ = {isa = PBXFileReference; fileEncoding = 4; lastKnownFileType = sourcecode.c.objc; path = RJBWKWebViewBridge.m; sourceTree = "<group>"; };
		BBDB2F011E44BB2E000515BD /* RJBUIWebViewBridge.h */ = {isa = PBXFileReference; fileEncoding = 4; lastKnownFileType = sourcecode.c.h; path = RJBUIWebViewBridge.h; sourceTree = "<group>"; };
		BBDB2F021E44BB2E000515BD /* RJBUIWebViewBridge.m */ = {isa = PBXFileReference; fileEncoding = 4; lastKnownFileType = sourcecode.c.objc; path = RJBUIWebViewBridge.m; sourceTree = "<group>"; };
		BBDCD8D41E346BFA009C1C64 /* ReflectJavascriptBridge.app */ = {isa = PBXFileReference; explicitFileType = wrapper.application; includeInIndex = 0; path = ReflectJavascriptBridge.app; sourceTree = BUILT_PRODUCTS_DIR; };
		BBDCD8ED1E346BFA009C1C64 /* ReflectJavascriptBridgeTests.xctest */ = {isa = PBXFileReference; explicitFileType = wrapper.cfbundle; includeInIndex = 0; path = ReflectJavascriptBridgeTests.xctest; sourceTree = BUILT_PRODUCTS_DIR; };
		BBDCD8F11E346BFA009C1C64 /* ReflectJavascriptBridgeTests.m */ = {isa = PBXFileReference; lastKnownFileType = sourcecode.c.objc; path = ReflectJavascriptBridgeTests.m; sourceTree = "<group>"; };
		BBDCD8F31E346BFA009C1C64 /* Info.plist */ = {isa = PBXFileReference; lastKnownFileType = text.plist.xml; path = Info.plist; sourceTree = "<group>"; };
		BBDCD8FE1E346C21009C1C64 /* AppDelegate.h */ = {isa = PBXFileReference; fileEncoding = 4; lastKnownFileType = sourcecode.c.h; path = AppDelegate.h; sourceTree = "<group>"; };
		BBDCD8FF1E346C21009C1C64 /* AppDelegate.m */ = {isa = PBXFileReference; fileEncoding = 4; lastKnownFileType = sourcecode.c.objc; path = AppDelegate.m; sourceTree = "<group>"; };
		BBDCD9001E346C21009C1C64 /* Assets.xcassets */ = {isa = PBXFileReference; lastKnownFileType = folder.assetcatalog; path = Assets.xcassets; sourceTree = "<group>"; };
		BBDCD9021E346C21009C1C64 /* Base */ = {isa = PBXFileReference; lastKnownFileType = file.storyboard; name = Base; path = Base.lproj/LaunchScreen.storyboard; sourceTree = "<group>"; };
		BBDCD9041E346C21009C1C64 /* Base */ = {isa = PBXFileReference; lastKnownFileType = file.storyboard; name = Base; path = Base.lproj/Main.storyboard; sourceTree = "<group>"; };
		BBDCD9051E346C21009C1C64 /* Info.plist */ = {isa = PBXFileReference; fileEncoding = 4; lastKnownFileType = text.plist.xml; path = Info.plist; sourceTree = "<group>"; };
		BBDCD9061E346C21009C1C64 /* main.m */ = {isa = PBXFileReference; fileEncoding = 4; lastKnownFileType = sourcecode.c.objc; path = main.m; sourceTree = "<group>"; };
		BBDCD9071E346C21009C1C64 /* ViewController.h */ = {isa = PBXFileReference; fileEncoding = 4; lastKnownFileType = sourcecode.c.h; path = ViewController.h; sourceTree = "<group>"; };
		BBDCD9081E346C21009C1C64 /* ViewController.m */ = {isa = PBXFileReference; fileEncoding = 4; lastKnownFileType = sourcecode.c.objc; path = ViewController.m; sourceTree = "<group>"; };
		BBDCD9101E346C30009C1C64 /* ReflectJavascriptBridge.h */ = {isa = PBXFileReference; fileEncoding = 4; lastKnownFileType = sourcecode.c.h; path = ReflectJavascriptBridge.h; sourceTree = "<group>"; };
		BBDCD9111E346C30009C1C64 /* ReflectJavascriptBridge.m */ = {isa = PBXFileReference; fileEncoding = 4; lastKnownFileType = sourcecode.c.objc; path = ReflectJavascriptBridge.m; sourceTree = "<group>"; };
		BBDCD9141E346CC8009C1C64 /* RJBCommand.h */ = {isa = PBXFileReference; fileEncoding = 4; lastKnownFileType = sourcecode.c.h; path = RJBCommand.h; sourceTree = "<group>"; };
		BBDCD9151E346CC8009C1C64 /* RJBCommand.m */ = {isa = PBXFileReference; fileEncoding = 4; lastKnownFileType = sourcecode.c.objc; path = RJBCommand.m; sourceTree = "<group>"; };
		BBDCD9171E346CD9009C1C64 /* RJBObjectConvertor.h */ = {isa = PBXFileReference; fileEncoding = 4; lastKnownFileType = sourcecode.c.h; path = RJBObjectConvertor.h; sourceTree = "<group>"; };
		BBDCD9181E346CD9009C1C64 /* RJBObjectConvertor.m */ = {isa = PBXFileReference; fileEncoding = 4; lastKnownFileType = sourcecode.c.objc; path = RJBObjectConvertor.m; sourceTree = "<group>"; };
		BBDCD91F1E34EFC8009C1C64 /* BridgeClass.h */ = {isa = PBXFileReference; fileEncoding = 4; lastKnownFileType = sourcecode.c.h; path = BridgeClass.h; sourceTree = "<group>"; };
		BBDCD9201E34EFC8009C1C64 /* BridgeClass.m */ = {isa = PBXFileReference; fileEncoding = 4; lastKnownFileType = sourcecode.c.objc; path = BridgeClass.m; sourceTree = "<group>"; };
		BBDCD9221E34F56D009C1C64 /* RJBCommandTest.m */ = {isa = PBXFileReference; fileEncoding = 4; lastKnownFileType = sourcecode.c.objc; path = RJBCommandTest.m; sourceTree = "<group>"; };
		BBDCD9251E35F15C009C1C64 /* RJBCommons.h */ = {isa = PBXFileReference; fileEncoding = 4; lastKnownFileType = sourcecode.c.h; path = RJBCommons.h; sourceTree = "<group>"; };
		BBDCD9261E35F15C009C1C64 /* RJBCommons.m */ = {isa = PBXFileReference; fileEncoding = 4; lastKnownFileType = sourcecode.c.objc; path = RJBCommons.m; sourceTree = "<group>"; };
		BBDCD9301E388039009C1C64 /* SecondViewController.h */ = {isa = PBXFileReference; fileEncoding = 4; lastKnownFileType = sourcecode.c.h; path = SecondViewController.h; sourceTree = "<group>"; };
		BBDCD9311E388039009C1C64 /* SecondViewController.m */ = {isa = PBXFileReference; fileEncoding = 4; lastKnownFileType = sourcecode.c.objc; path = SecondViewController.m; sourceTree = "<group>"; };
		BBDCD9321E388039009C1C64 /* SecondViewController.xib */ = {isa = PBXFileReference; fileEncoding = 4; lastKnownFileType = file.xib; path = SecondViewController.xib; sourceTree = "<group>"; };
		BBDCD9391E40DFD6009C1C64 /* demo1.html */ = {isa = PBXFileReference; fileEncoding = 4; lastKnownFileType = text.html; path = demo1.html; sourceTree = "<group>"; };
		BBDCD93A1E40DFD6009C1C64 /* demo2.html */ = {isa = PBXFileReference; fileEncoding = 4; lastKnownFileType = text.html; path = demo2.html; sourceTree = "<group>"; };
		BBDCD93D1E40DFFB009C1C64 /* ThirdViewController.h */ = {isa = PBXFileReference; fileEncoding = 4; lastKnownFileType = sourcecode.c.h; path = ThirdViewController.h; sourceTree = "<group>"; };
		BBDCD93E1E40DFFB009C1C64 /* ThirdViewController.m */ = {isa = PBXFileReference; fileEncoding = 4; lastKnownFileType = sourcecode.c.objc; path = ThirdViewController.m; sourceTree = "<group>"; };
		BBDCD93F1E40DFFB009C1C64 /* ThirdViewController.xib */ = {isa = PBXFileReference; fileEncoding = 4; lastKnownFileType = file.xib; path = ThirdViewController.xib; sourceTree = "<group>"; };
/* End PBXFileReference section */

/* Begin PBXFrameworksBuildPhase section */
		BBDCD8D11E346BFA009C1C64 /* Frameworks */ = {
			isa = PBXFrameworksBuildPhase;
			buildActionMask = 2147483647;
			files = (
			);
			runOnlyForDeploymentPostprocessing = 0;
		};
		BBDCD8EA1E346BFA009C1C64 /* Frameworks */ = {
			isa = PBXFrameworksBuildPhase;
			buildActionMask = 2147483647;
			files = (
			);
			runOnlyForDeploymentPostprocessing = 0;
		};
/* End PBXFrameworksBuildPhase section */

/* Begin PBXGroup section */
		BBDB2F041E44BD2C000515BD /* WebViewBridge */ = {
			isa = PBXGroup;
			children = (
				BBDB2F011E44BB2E000515BD /* RJBUIWebViewBridge.h */,
				BBDB2F021E44BB2E000515BD /* RJBUIWebViewBridge.m */,
				BBDB2EFE1E44BB17000515BD /* RJBWKWebViewBridge.h */,
				BBDB2EFF1E44BB17000515BD /* RJBWKWebViewBridge.m */,
			);
			name = WebViewBridge;
			sourceTree = "<group>";
		};
		BBDCD8CB1E346BFA009C1C64 = {
			isa = PBXGroup;
			children = (
				BBDCD8FC1E346C21009C1C64 /* ReflectJavascriptBridge */,
				BBDCD8FD1E346C21009C1C64 /* ReflectJavascriptBridgeDemo */,
				BBDCD8F01E346BFA009C1C64 /* ReflectJavascriptBridgeTests */,
				BBDCD8D51E346BFA009C1C64 /* Products */,
			);
			sourceTree = "<group>";
		};
		BBDCD8D51E346BFA009C1C64 /* Products */ = {
			isa = PBXGroup;
			children = (
				BBDCD8D41E346BFA009C1C64 /* ReflectJavascriptBridge.app */,
				BBDCD8ED1E346BFA009C1C64 /* ReflectJavascriptBridgeTests.xctest */,
			);
			name = Products;
			sourceTree = "<group>";
		};
		BBDCD8F01E346BFA009C1C64 /* ReflectJavascriptBridgeTests */ = {
			isa = PBXGroup;
			children = (
				BBDCD8F11E346BFA009C1C64 /* ReflectJavascriptBridgeTests.m */,
				BBDCD9221E34F56D009C1C64 /* RJBCommandTest.m */,
				BBDCD8F31E346BFA009C1C64 /* Info.plist */,
			);
			path = ReflectJavascriptBridgeTests;
			sourceTree = "<group>";
		};
		BBDCD8FC1E346C21009C1C64 /* ReflectJavascriptBridge */ = {
			isa = PBXGroup;
			children = (
				BBDCD9101E346C30009C1C64 /* ReflectJavascriptBridge.h */,
				BBDCD9111E346C30009C1C64 /* ReflectJavascriptBridge.m */,
				BBDCD9141E346CC8009C1C64 /* RJBCommand.h */,
				BBDCD9151E346CC8009C1C64 /* RJBCommand.m */,
				BBDCD9171E346CD9009C1C64 /* RJBObjectConvertor.h */,
				BBDCD9181E346CD9009C1C64 /* RJBObjectConvertor.m */,
				BBDCD9251E35F15C009C1C64 /* RJBCommons.h */,
				BBDCD9261E35F15C009C1C64 /* RJBCommons.m */,
				BBDB2F041E44BD2C000515BD /* WebViewBridge */,
			);
			path = ReflectJavascriptBridge;
			sourceTree = "<group>";
		};
		BBDCD8FD1E346C21009C1C64 /* ReflectJavascriptBridgeDemo */ = {
			isa = PBXGroup;
			children = (
				BBDCD8FE1E346C21009C1C64 /* AppDelegate.h */,
				BBDCD8FF1E346C21009C1C64 /* AppDelegate.m */,
				BBDCD9071E346C21009C1C64 /* ViewController.h */,
				BBDCD9081E346C21009C1C64 /* ViewController.m */,
				BBDCD9031E346C21009C1C64 /* Main.storyboard */,
				BBDCD9301E388039009C1C64 /* SecondViewController.h */,
				BBDCD9311E388039009C1C64 /* SecondViewController.m */,
				BBDCD9321E388039009C1C64 /* SecondViewController.xib */,
				BBDCD93D1E40DFFB009C1C64 /* ThirdViewController.h */,
				BBDCD93E1E40DFFB009C1C64 /* ThirdViewController.m */,
				BBDCD93F1E40DFFB009C1C64 /* ThirdViewController.xib */,
				BBDCD91F1E34EFC8009C1C64 /* BridgeClass.h */,
				BBDCD9201E34EFC8009C1C64 /* BridgeClass.m */,
				BBDCD9381E40DFD6009C1C64 /* web */,
				BBDCD9051E346C21009C1C64 /* Info.plist */,
				BBDCD9061E346C21009C1C64 /* main.m */,
				BBDCD9001E346C21009C1C64 /* Assets.xcassets */,
				BBDCD9011E346C21009C1C64 /* LaunchScreen.storyboard */,
			);
			path = ReflectJavascriptBridgeDemo;
			sourceTree = "<group>";
		};
		BBDCD9381E40DFD6009C1C64 /* web */ = {
			isa = PBXGroup;
			children = (
				BBDCD9391E40DFD6009C1C64 /* demo1.html */,
				BBDCD93A1E40DFD6009C1C64 /* demo2.html */,
			);
			path = web;
			sourceTree = "<group>";
		};
/* End PBXGroup section */

/* Begin PBXNativeTarget section */
		BBDCD8D31E346BFA009C1C64 /* ReflectJavascriptBridge */ = {
			isa = PBXNativeTarget;
			buildConfigurationList = BBDCD8F61E346BFA009C1C64 /* Build configuration list for PBXNativeTarget "ReflectJavascriptBridge" */;
			buildPhases = (
				BBDCD8D01E346BFA009C1C64 /* Sources */,
				BBDCD8D11E346BFA009C1C64 /* Frameworks */,
				BBDCD8D21E346BFA009C1C64 /* Resources */,
				BBDCD91E1E34CCE8009C1C64 /* ShellScript */,
			);
			buildRules = (
			);
			dependencies = (
			);
			name = ReflectJavascriptBridge;
			productName = ReflectJavascriptBridge;
			productReference = BBDCD8D41E346BFA009C1C64 /* ReflectJavascriptBridge.app */;
			productType = "com.apple.product-type.application";
		};
		BBDCD8EC1E346BFA009C1C64 /* ReflectJavascriptBridgeTests */ = {
			isa = PBXNativeTarget;
			buildConfigurationList = BBDCD8F91E346BFA009C1C64 /* Build configuration list for PBXNativeTarget "ReflectJavascriptBridgeTests" */;
			buildPhases = (
				BBDCD8E91E346BFA009C1C64 /* Sources */,
				BBDCD8EA1E346BFA009C1C64 /* Frameworks */,
				BBDCD8EB1E346BFA009C1C64 /* Resources */,
			);
			buildRules = (
			);
			dependencies = (
				BBDCD8EF1E346BFA009C1C64 /* PBXTargetDependency */,
			);
			name = ReflectJavascriptBridgeTests;
			productName = ReflectJavascriptBridgeTests;
			productReference = BBDCD8ED1E346BFA009C1C64 /* ReflectJavascriptBridgeTests.xctest */;
			productType = "com.apple.product-type.bundle.unit-test";
		};
/* End PBXNativeTarget section */

/* Begin PBXProject section */
		BBDCD8CC1E346BFA009C1C64 /* Project object */ = {
			isa = PBXProject;
			attributes = {
				LastUpgradeCheck = 0820;
				ORGANIZATIONNAME = LZephyr;
				TargetAttributes = {
					BBDCD8D31E346BFA009C1C64 = {
						CreatedOnToolsVersion = 8.2.1;
						DevelopmentTeam = WQJ84ABJFE;
						ProvisioningStyle = Automatic;
					};
					BBDCD8EC1E346BFA009C1C64 = {
						CreatedOnToolsVersion = 8.2.1;
						DevelopmentTeam = WQJ84ABJFE;
						ProvisioningStyle = Automatic;
						TestTargetID = BBDCD8D31E346BFA009C1C64;
					};
				};
			};
			buildConfigurationList = BBDCD8CF1E346BFA009C1C64 /* Build configuration list for PBXProject "ReflectJavascriptBridge" */;
			compatibilityVersion = "Xcode 3.2";
			developmentRegion = English;
			hasScannedForEncodings = 0;
			knownRegions = (
				en,
				Base,
			);
			mainGroup = BBDCD8CB1E346BFA009C1C64;
			productRefGroup = BBDCD8D51E346BFA009C1C64 /* Products */;
			projectDirPath = "";
			projectRoot = "";
			targets = (
				BBDCD8D31E346BFA009C1C64 /* ReflectJavascriptBridge */,
				BBDCD8EC1E346BFA009C1C64 /* ReflectJavascriptBridgeTests */,
			);
		};
/* End PBXProject section */

/* Begin PBXResourcesBuildPhase section */
		BBDCD8D21E346BFA009C1C64 /* Resources */ = {
			isa = PBXResourcesBuildPhase;
			buildActionMask = 2147483647;
			files = (
				BBDCD9411E40DFFB009C1C64 /* ThirdViewController.xib in Resources */,
				BBDCD9341E388039009C1C64 /* SecondViewController.xib in Resources */,
				BBDCD90C1E346C21009C1C64 /* Main.storyboard in Resources */,
				BBDCD90A1E346C21009C1C64 /* Assets.xcassets in Resources */,
				BBDCD93B1E40DFD6009C1C64 /* demo1.html in Resources */,
				BBDCD93C1E40DFD6009C1C64 /* demo2.html in Resources */,
				BBDCD90B1E346C21009C1C64 /* LaunchScreen.storyboard in Resources */,
			);
			runOnlyForDeploymentPostprocessing = 0;
		};
		BBDCD8EB1E346BFA009C1C64 /* Resources */ = {
			isa = PBXResourcesBuildPhase;
			buildActionMask = 2147483647;
			files = (
			);
			runOnlyForDeploymentPostprocessing = 0;
		};
/* End PBXResourcesBuildPhase section */

/* Begin PBXShellScriptBuildPhase section */
		BBDCD91E1E34CCE8009C1C64 /* ShellScript */ = {
			isa = PBXShellScriptBuildPhase;
			buildActionMask = 2147483647;
			files = (
			);
			inputPaths = (
			);
			outputPaths = (
			);
			runOnlyForDeploymentPostprocessing = 0;
			shellPath = /bin/sh;
			shellScript = "TAGS=\"TODO:|FIXME:\"\necho \"searching ${SRCROOT} for ${TAGS}\"\nfind \"${SRCROOT}\" \\( -name \"*.swift\" \\) -print0 | xargs -0 egrep --with-filename --line-number --only-matching \"($TAGS).*\\$\" | perl -p -e \"s/($TAGS)/ warning: \\$1/\"";
		};
/* End PBXShellScriptBuildPhase section */

/* Begin PBXSourcesBuildPhase section */
		BBDCD8D01E346BFA009C1C64 /* Sources */ = {
			isa = PBXSourcesBuildPhase;
			buildActionMask = 2147483647;
			files = (
				BBDCD9331E388039009C1C64 /* SecondViewController.m in Sources */,
				BBDCD90F1E346C21009C1C64 /* ViewController.m in Sources */,
				BBDCD9271E35F15C009C1C64 /* RJBCommons.m in Sources */,
				BBDCD9161E346CC8009C1C64 /* RJBCommand.m in Sources */,
				BBDCD9211E34EFC8009C1C64 /* BridgeClass.m in Sources */,
				BBDCD9121E346C30009C1C64 /* ReflectJavascriptBridge.m in Sources */,
				BBDCD9401E40DFFB009C1C64 /* ThirdViewController.m in Sources */,
				BBDCD90E1E346C21009C1C64 /* main.m in Sources */,
				BBDB2F001E44BB17000515BD /* RJBWKWebViewBridge.m in Sources */,
				BBDB2F031E44BB2E000515BD /* RJBUIWebViewBridge.m in Sources */,
				BBDCD9191E346CD9009C1C64 /* RJBObjectConvertor.m in Sources */,
				BBDCD9091E346C21009C1C64 /* AppDelegate.m in Sources */,
			);
			runOnlyForDeploymentPostprocessing = 0;
		};
		BBDCD8E91E346BFA009C1C64 /* Sources */ = {
			isa = PBXSourcesBuildPhase;
			buildActionMask = 2147483647;
			files = (
				BBDCD9231E34F56D009C1C64 /* RJBCommandTest.m in Sources */,
				BBDCD8F21E346BFA009C1C64 /* ReflectJavascriptBridgeTests.m in Sources */,
			);
			runOnlyForDeploymentPostprocessing = 0;
		};
/* End PBXSourcesBuildPhase section */

/* Begin PBXTargetDependency section */
		BBDCD8EF1E346BFA009C1C64 /* PBXTargetDependency */ = {
			isa = PBXTargetDependency;
			target = BBDCD8D31E346BFA009C1C64 /* ReflectJavascriptBridge */;
			targetProxy = BBDCD8EE1E346BFA009C1C64 /* PBXContainerItemProxy */;
		};
/* End PBXTargetDependency section */

/* Begin PBXVariantGroup section */
		BBDCD9011E346C21009C1C64 /* LaunchScreen.storyboard */ = {
			isa = PBXVariantGroup;
			children = (
				BBDCD9021E346C21009C1C64 /* Base */,
			);
			name = LaunchScreen.storyboard;
			sourceTree = "<group>";
		};
		BBDCD9031E346C21009C1C64 /* Main.storyboard */ = {
			isa = PBXVariantGroup;
			children = (
				BBDCD9041E346C21009C1C64 /* Base */,
			);
			name = Main.storyboard;
			sourceTree = "<group>";
		};
/* End PBXVariantGroup section */

/* Begin XCBuildConfiguration section */
		BBDCD8F41E346BFA009C1C64 /* Debug */ = {
			isa = XCBuildConfiguration;
			buildSettings = {
				ALWAYS_SEARCH_USER_PATHS = NO;
				CLANG_ANALYZER_NONNULL = YES;
				CLANG_CXX_LANGUAGE_STANDARD = "gnu++0x";
				CLANG_CXX_LIBRARY = "libc++";
				CLANG_ENABLE_MODULES = YES;
				CLANG_ENABLE_OBJC_ARC = YES;
				CLANG_WARN_BOOL_CONVERSION = YES;
				CLANG_WARN_CONSTANT_CONVERSION = YES;
				CLANG_WARN_DIRECT_OBJC_ISA_USAGE = YES_ERROR;
				CLANG_WARN_DOCUMENTATION_COMMENTS = YES;
				CLANG_WARN_EMPTY_BODY = YES;
				CLANG_WARN_ENUM_CONVERSION = YES;
				CLANG_WARN_INFINITE_RECURSION = YES;
				CLANG_WARN_INT_CONVERSION = YES;
				CLANG_WARN_OBJC_ROOT_CLASS = YES_ERROR;
				CLANG_WARN_SUSPICIOUS_MOVE = YES;
				CLANG_WARN_UNREACHABLE_CODE = YES;
				CLANG_WARN__DUPLICATE_METHOD_MATCH = YES;
				"CODE_SIGN_IDENTITY[sdk=iphoneos*]" = "iPhone Developer";
				COPY_PHASE_STRIP = NO;
				DEBUG_INFORMATION_FORMAT = dwarf;
				ENABLE_STRICT_OBJC_MSGSEND = YES;
				ENABLE_TESTABILITY = YES;
				GCC_C_LANGUAGE_STANDARD = gnu99;
				GCC_DYNAMIC_NO_PIC = NO;
				GCC_NO_COMMON_BLOCKS = YES;
				GCC_OPTIMIZATION_LEVEL = 0;
				GCC_PREPROCESSOR_DEFINITIONS = (
					"DEBUG=1",
					"$(inherited)",
				);
				GCC_WARN_64_TO_32_BIT_CONVERSION = YES;
				GCC_WARN_ABOUT_RETURN_TYPE = YES_ERROR;
				GCC_WARN_UNDECLARED_SELECTOR = YES;
				GCC_WARN_UNINITIALIZED_AUTOS = YES_AGGRESSIVE;
				GCC_WARN_UNUSED_FUNCTION = YES;
				GCC_WARN_UNUSED_VARIABLE = YES;
				IPHONEOS_DEPLOYMENT_TARGET = 10.2;
				MTL_ENABLE_DEBUG_INFO = YES;
				ONLY_ACTIVE_ARCH = YES;
				SDKROOT = iphoneos;
			};
			name = Debug;
		};
		BBDCD8F51E346BFA009C1C64 /* Release */ = {
			isa = XCBuildConfiguration;
			buildSettings = {
				ALWAYS_SEARCH_USER_PATHS = NO;
				CLANG_ANALYZER_NONNULL = YES;
				CLANG_CXX_LANGUAGE_STANDARD = "gnu++0x";
				CLANG_CXX_LIBRARY = "libc++";
				CLANG_ENABLE_MODULES = YES;
				CLANG_ENABLE_OBJC_ARC = YES;
				CLANG_WARN_BOOL_CONVERSION = YES;
				CLANG_WARN_CONSTANT_CONVERSION = YES;
				CLANG_WARN_DIRECT_OBJC_ISA_USAGE = YES_ERROR;
				CLANG_WARN_DOCUMENTATION_COMMENTS = YES;
				CLANG_WARN_EMPTY_BODY = YES;
				CLANG_WARN_ENUM_CONVERSION = YES;
				CLANG_WARN_INFINITE_RECURSION = YES;
				CLANG_WARN_INT_CONVERSION = YES;
				CLANG_WARN_OBJC_ROOT_CLASS = YES_ERROR;
				CLANG_WARN_SUSPICIOUS_MOVE = YES;
				CLANG_WARN_UNREACHABLE_CODE = YES;
				CLANG_WARN__DUPLICATE_METHOD_MATCH = YES;
				"CODE_SIGN_IDENTITY[sdk=iphoneos*]" = "iPhone Developer";
				COPY_PHASE_STRIP = NO;
				DEBUG_INFORMATION_FORMAT = "dwarf-with-dsym";
				ENABLE_NS_ASSERTIONS = NO;
				ENABLE_STRICT_OBJC_MSGSEND = YES;
				GCC_C_LANGUAGE_STANDARD = gnu99;
				GCC_NO_COMMON_BLOCKS = YES;
				GCC_WARN_64_TO_32_BIT_CONVERSION = YES;
				GCC_WARN_ABOUT_RETURN_TYPE = YES_ERROR;
				GCC_WARN_UNDECLARED_SELECTOR = YES;
				GCC_WARN_UNINITIALIZED_AUTOS = YES_AGGRESSIVE;
				GCC_WARN_UNUSED_FUNCTION = YES;
				GCC_WARN_UNUSED_VARIABLE = YES;
				IPHONEOS_DEPLOYMENT_TARGET = 10.2;
				MTL_ENABLE_DEBUG_INFO = NO;
				SDKROOT = iphoneos;
				VALIDATE_PRODUCT = YES;
			};
			name = Release;
		};
		BBDCD8F71E346BFA009C1C64 /* Debug */ = {
			isa = XCBuildConfiguration;
			buildSettings = {
				ASSETCATALOG_COMPILER_APPICON_NAME = AppIcon;
				DEVELOPMENT_TEAM = WQJ84ABJFE;
				INFOPLIST_FILE = "$(SRCROOT)/ReflectJavascriptBridgeDemo/Info.plist";
				IPHONEOS_DEPLOYMENT_TARGET = 8.0;
				LD_RUNPATH_SEARCH_PATHS = "$(inherited) @executable_path/Frameworks";
				PRODUCT_BUNDLE_IDENTIFIER = LZephyr.ReflectJavascriptBridge;
				PRODUCT_NAME = "$(TARGET_NAME)";
			};
			name = Debug;
		};
		BBDCD8F81E346BFA009C1C64 /* Release */ = {
			isa = XCBuildConfiguration;
			buildSettings = {
				ASSETCATALOG_COMPILER_APPICON_NAME = AppIcon;
				DEVELOPMENT_TEAM = WQJ84ABJFE;
				INFOPLIST_FILE = "$(SRCROOT)/ReflectJavascriptBridgeDemo/Info.plist";
				IPHONEOS_DEPLOYMENT_TARGET = 8.0;
				LD_RUNPATH_SEARCH_PATHS = "$(inherited) @executable_path/Frameworks";
				PRODUCT_BUNDLE_IDENTIFIER = LZephyr.ReflectJavascriptBridge;
				PRODUCT_NAME = "$(TARGET_NAME)";
			};
			name = Release;
		};
		BBDCD8FA1E346BFA009C1C64 /* Debug */ = {
			isa = XCBuildConfiguration;
			buildSettings = {
				BUNDLE_LOADER = "$(TEST_HOST)";
				DEVELOPMENT_TEAM = WQJ84ABJFE;
				INFOPLIST_FILE = ReflectJavascriptBridgeTests/Info.plist;
				LD_RUNPATH_SEARCH_PATHS = "$(inherited) @executable_path/Frameworks @loader_path/Frameworks";
				PRODUCT_BUNDLE_IDENTIFIER = LZephyr.ReflectJavascriptBridgeTests;
				PRODUCT_NAME = "$(TARGET_NAME)";
				TEST_HOST = "$(BUILT_PRODUCTS_DIR)/ReflectJavascriptBridge.app/ReflectJavascriptBridge";
			};
			name = Debug;
		};
		BBDCD8FB1E346BFA009C1C64 /* Release */ = {
			isa = XCBuildConfiguration;
			buildSettings = {
				BUNDLE_LOADER = "$(TEST_HOST)";
				DEVELOPMENT_TEAM = WQJ84ABJFE;
				INFOPLIST_FILE = ReflectJavascriptBridgeTests/Info.plist;
				LD_RUNPATH_SEARCH_PATHS = "$(inherited) @executable_path/Frameworks @loader_path/Frameworks";
				PRODUCT_BUNDLE_IDENTIFIER = LZephyr.ReflectJavascriptBridgeTests;
				PRODUCT_NAME = "$(TARGET_NAME)";
				TEST_HOST = "$(BUILT_PRODUCTS_DIR)/ReflectJavascriptBridge.app/ReflectJavascriptBridge";
			};
			name = Release;
		};
/* End XCBuildConfiguration section */

/* Begin XCConfigurationList section */
		BBDCD8CF1E346BFA009C1C64 /* Build configuration list for PBXProject "ReflectJavascriptBridge" */ = {
			isa = XCConfigurationList;
			buildConfigurations = (
				BBDCD8F41E346BFA009C1C64 /* Debug */,
				BBDCD8F51E346BFA009C1C64 /* Release */,
			);
			defaultConfigurationIsVisible = 0;
			defaultConfigurationName = Release;
		};
		BBDCD8F61E346BFA009C1C64 /* Build configuration list for PBXNativeTarget "ReflectJavascriptBridge" */ = {
			isa = XCConfigurationList;
			buildConfigurations = (
				BBDCD8F71E346BFA009C1C64 /* Debug */,
				BBDCD8F81E346BFA009C1C64 /* Release */,
			);
			defaultConfigurationIsVisible = 0;
			defaultConfigurationName = Release;
		};
		BBDCD8F91E346BFA009C1C64 /* Build configuration list for PBXNativeTarget "ReflectJavascriptBridgeTests" */ = {
			isa = XCConfigurationList;
			buildConfigurations = (
				BBDCD8FA1E346BFA009C1C64 /* Debug */,
				BBDCD8FB1E346BFA009C1C64 /* Release */,
			);
			defaultConfigurationIsVisible = 0;
			defaultConfigurationName = Release;
		};
/* End XCConfigurationList section */
	};
	rootObject = BBDCD8CC1E346BFA009C1C64 /* Project object */;
}
